# THIS IS AN AUTOGENERATED FILE. DO NOT EDIT THIS FILE DIRECTLY.
# yarn lockfile v1


"@electron-toolkit/preload@^3.0.1":
  version "3.0.1"
  resolved "https://registry.npmmirror.com/@electron-toolkit/preload/-/preload-3.0.1.tgz#8bae193fd851f3d38c56eec13a5dd602744e8064"
  integrity sha512-EzoQmpK8jqqU8YnM5jRe0GJjGVJPke2KtANqz8QtN2JPT96ViOvProBdK5C6riCm0j1T8jjAGVQCZLQy9OVoIA==
