# THIS IS AN AUTOGENERATED FILE. DO NOT EDIT THIS FILE DIRECTLY.
# yarn lockfile v1


"@electron-toolkit/preload@^3.0.1":
  version "3.0.1"
  resolved "https://registry.npmmirror.com/@electron-toolkit/preload/-/preload-3.0.1.tgz"
  integrity sha512-EzoQmpK8jqqU8YnM5jRe0GJjGVJPke2KtANqz8QtN2JPT96ViOvProBdK5C6riCm0j1T8jjAGVQCZLQy9OVoIA==

"@types/node@17.0.16":
  version "17.0.16"
  resolved "https://registry.npmmirror.com/@types/node/-/node-17.0.16.tgz#e3733f46797b9df9e853ca9f719c8a6f7b84cd26"
  integrity sha512-ydLaGVfQOQ6hI1xK2A5nVh8bl0OGoIfYMxPWHqqYe9bTkWCfqiVvZoh2I/QF2sNSkZzZyROBoTefIEI+PB6iIA==

reflect-metadata@^0.2.2:
  version "0.2.2"
  resolved "https://registry.npmmirror.com/reflect-metadata/-/reflect-metadata-0.2.2.tgz#400c845b6cba87a21f2c65c4aeb158f4fa4d9c5b"
  integrity sha512-urBwgfrvVP/eAyXx4hluJivBKzuEbSQs9rKWCrCkbSxNv8mxPcUZKeuoF3Uy4mJl3Lwprp6yy5/39VWigZ4K6Q==
