lockfileVersion: '9.0'

settings:
  autoInstallPeers: true
  excludeLinksFromLockfile: false

importers:

  .:
    dependencies:
      idb-keyval:
        specifier: 6.0.3
        version: 6.0.3

packages:

  idb-keyval@6.0.3:
    resolution: {integrity: sha512-yh8V7CnE6EQMu9YDwQXhRxwZh4nv+8xm/HV4ZqK4IiYFJBWYGjJuykADJbSP+F/GDXUBwCSSNn/14IpGL81TuA==}

  safari-14-idb-fix@3.0.0:
    resolution: {integrity: sha512-eBNFLob4PMq8JA1dGyFn6G97q3/WzNtFK4RnzT1fnLq+9RyrGknzYiM/9B12MnKAxuj1IXr7UKYtTNtjyKMBog==}

snapshots:

  idb-keyval@6.0.3:
    dependencies:
      safari-14-idb-fix: 3.0.0

  safari-14-idb-fix@3.0.0: {}
